version = 1
revision = 3
requires-python = ">=3.13"

[[package]]
name = "annotated-doc"
version = "0.0.4"
source = { registry = "https://pypi.org/simple" }
sdist = { url = "https://files.pythonhosted.org/packages/57/ba/046ceea27344560984e26a590f90bc7f4a75b06701f653222458922b558c/annotated_doc-0.0.4.tar.gz", hash = "sha256:fbcda96e87e9c92ad167c2e53839e57503ecfda18804ea28102353485033faa4", size = 7288, upload-time = "2025-11-10T22:07:42.062Z" }
wheels = [
    { url = "https://files.pythonhosted.org/packages/1e/d3/26bf1008eb3d2daa8ef4cacc7f3bfdc11818d111f7e2d0201bc6e3b49d45/annotated_doc-0.0.4-py3-none-any.whl", hash = "sha256:571ac1dc6991c450b25a9c2d84a3705e2ae7a53467b5d111c24fa8baabbed320", size = 5303, upload-time = "2025-11-10T22:07:40.673Z" },
]

[[package]]
name = "asyncpg"
version = "0.31.0"
source = { registry = "https://pypi.org/simple" }
sdist = { url = "https://files.pythonhosted.org/packages/fe/cc/d18065ce2380d80b1bcce927c24a2642efd38918e33fd724bc4bca904877/asyncpg-0.31.0.tar.gz", hash = "sha256:c989386c83940bfbd787180f2b1519415e2d3d6277a70d9d0f0145ac73500735", size = 993667, upload-time = "2025-11-24T23:27:00.812Z" }
wheels = [
    { url = "https://files.pythonhosted.org/packages/95/11/97b5c2af72a5d0b9bc3fa30cd4b9ce22284a9a943a150fdc768763caf035/asyncpg-0.31.0-cp313-cp313-macosx_10_13_x86_64.whl", hash = "sha256:c204fab1b91e08b0f47e90a75d1b3c62174dab21f670ad6c5d0f243a228f015b", size = 661111, upload-time = "2025-11-24T23:26:04.467Z" },
    { url = "https://files.pythonhosted.org/packages/1b/71/157d611c791a5e2d0423f09f027bd499935f0906e0c2a416ce712ba51ef3/asyncpg-0.31.0-cp313-cp313-macosx_11_0_arm64.whl", hash = "sha256:54a64f91839ba59008eccf7aad2e93d6e3de688d796f35803235ea1c4898ae1e", size = 636928, upload-time = "2025-11-24T23:26:05.944Z" },
    { url = "https://files.pythonhosted.org/packages/2e/fc/9e3486fb2bbe69d4a867c0b76d68542650a7ff1574ca40e84c3111bb0c6e/asyncpg-0.31.0-cp313-cp313-manylinux2014_aarch64.manylinux_2_17_aarch64.manylinux_2_28_aarch64.whl", hash = "sha256:c0e0822b1038dc7253b337b0f3f676cadc4ac31b126c5d42691c39691962e403", size = 3424067, upload-time = "2025-11-24T23:26:07.957Z" },
    { url = "https://files.pythonhosted.org/packages/12/c6/8c9d076f73f07f995013c791e018a1cd5f31823c2a3187fc8581706aa00f/asyncpg-0.31.0-cp313-cp313-manylinux2014_x86_64.manylinux_2_17_x86_64.manylinux_2_28_x86_64.whl", hash = "sha256:bef056aa502ee34204c161c72ca1f3c274917596877f825968368b2c33f585f4", size = 3518156, upload-time = "2025-11-24T23:26:09.591Z" },
    { url = "https://files.pythonhosted.org/packages/ae/3b/60683a0baf50fbc546499cfb53132cb6835b92b529a05f6a81471ab60d0c/asyncpg-0.31.0-cp313-cp313-musllinux_1_2_aarch64.whl", hash = "sha256:0bfbcc5b7ffcd9b75ab1558f00db2ae07db9c80637ad1b2469c43df79d7a5ae2", size = 3319636, upload-time = "2025-11-24T23:26:11.168Z" },
    { url = "https://files.pythonhosted.org/packages/50/dc/8487df0f69bd398a61e1792b3cba0e47477f214eff085ba0efa7eac9ce87/asyncpg-0.31.0-cp313-cp313-musllinux_1_2_x86_64.whl", hash = "sha256:22bc525ebbdc24d1261ecbf6f504998244d4e3be1721784b5f64664d61fbe602", size = 3472079, upload-time = "2025-11-24T23:26:13.164Z" },
    { url = "https://files.pythonhosted.org/packages/13/a1/c5bbeeb8531c05c89135cb8b28575ac2fac618bcb60119ee9696c3faf71c/asyncpg-0.31.0-cp313-cp313-win32.whl", hash = "sha256:f890de5e1e4f7e14023619399a471ce4b71f5418cd67a51853b9910fdfa73696", size = 527606, upload-time = "2025-11-24T23:26:14.78Z" },
    { url = "https://files.pythonhosted.org/packages/91/66/b25ccb84a246b470eb943b0107c07edcae51804912b824054b3413995a10/asyncpg-0.31.0-cp313-cp313-win_amd64.whl", hash = "sha256:dc5f2fa9916f292e5c5c8b2ac2813763bcd7f58e130055b4ad8a0531314201ab", size = 596569, upload-time = "2025-11-24T23:26:16.189Z" },
    { url = "https://files.pythonhosted.org/packages/3c/36/e9450d62e84a13aea6580c83a47a437f26c7ca6fa0f0fd40b6670793ea30/asyncpg-0.31.0-cp314-cp314-macosx_10_15_x86_64.whl", hash = "sha256:f6b56b91bb0ffc328c4e3ed113136cddd9deefdf5f79ab448598b9772831df44", size = 660867, upload-time = "2025-11-24T23:26:17.631Z" },
    { url = "https://files.pythonhosted.org/packages/82/4b/1d0a2b33b3102d210439338e1beea616a6122267c0df459ff0265cd5807a/asyncpg-0.31.0-cp314-cp314-macosx_11_0_arm64.whl", hash = "sha256:334dec28cf20d7f5bb9e45b39546ddf247f8042a690bff9b9573d00086e69cb5", size = 638349, upload-time = "2025-11-24T23:26:19.689Z" },
    { url = "https://files.pythonhosted.org/packages/41/aa/e7f7ac9a7974f08eff9183e392b2d62516f90412686532d27e196c0f0eeb/asyncpg-0.31.0-cp314-cp314-manylinux2014_aarch64.manylinux_2_17_aarch64.manylinux_2_28_aarch64.whl", hash = "sha256:98cc158c53f46de7bb677fd20c417e264fc02b36d901cc2a43bd6cb0dc6dbfd2", size = 3410428, upload-time = "2025-11-24T23:26:21.275Z" },
    { url = "https://files.pythonhosted.org/packages/6f/de/bf1b60de3dede5c2731e6788617a512bc0ebd9693eac297ee74086f101d7/asyncpg-0.31.0-cp314-cp314-manylinux2014_x86_64.manylinux_2_17_x86_64.manylinux_2_28_x86_64.whl", hash = "sha256:9322b563e2661a52e3cdbc93eed3be7748b289f792e0011cb2720d278b366ce2", size = 3471678, upload-time = "2025-11-24T23:26:23.627Z" },
    { url = "https://files.pythonhosted.org/packages/46/78/fc3ade003e22d8bd53aaf8f75f4be48f0b460fa73738f0391b9c856a9147/asyncpg-0.31.0-cp314-cp314-musllinux_1_2_aarch64.whl", hash = "sha256:19857a358fc811d82227449b7ca40afb46e75b33eb8897240c3839dd8b744218", size = 3313505, upload-time = "2025-11-24T23:26:25.235Z" },
    { url = "https://files.pythonhosted.org/packages/bf/e9/73eb8a6789e927816f4705291be21f2225687bfa97321e40cd23055e903a/asyncpg-0.31.0-cp314-cp314-musllinux_1_2_x86_64.whl", hash = "sha256:ba5f8886e850882ff2c2ace5732300e99193823e8107e2c53ef01c1ebfa1e85d", size = 3434744, upload-time = "2025-11-24T23:26:26.944Z" },
    { url = "https://files.pythonhosted.org/packages/08/4b/f10b880534413c65c5b5862f79b8e81553a8f364e5238832ad4c0af71b7f/asyncpg-0.31.0-cp314-cp314-win32.whl", hash = "sha256:cea3a0b2a14f95834cee29432e4ddc399b95700eb1d51bbc5bfee8f31fa07b2b", size = 532251, upload-time = "2025-11-24T23:26:28.404Z" },
    { url = "https://files.pythonhosted.org/packages/d3/2d/7aa40750b7a19efa5d66e67fc06008ca0f27ba1bd082e457ad82f59aba49/asyncpg-0.31.0-cp314-cp314-win_amd64.whl", hash = "sha256:04d19392716af6b029411a0264d92093b6e5e8285ae97a39957b9a9c14ea72be", size = 604901, upload-time = "2025-11-24T23:26:30.34Z" },
    { url = "https://files.pythonhosted.org/packages/ce/fe/b9dfe349b83b9dee28cc42360d2c86b2cdce4cb551a2c2d27e156bcac84d/asyncpg-0.31.0-cp314-cp314t-macosx_10_15_x86_64.whl", hash = "sha256:bdb957706da132e982cc6856bb2f7b740603472b54c3ebc77fe60ea3e57e1bd2", size = 702280, upload-time = "2025-11-24T23:26:32Z" },
    { url = "https://files.pythonhosted.org/packages/6a/81/e6be6e37e560bd91e6c23ea8a6138a04fd057b08cf63d3c5055c98e81c1d/asyncpg-0.31.0-cp314-cp314t-macosx_11_0_arm64.whl", hash = "sha256:6d11b198111a72f47154fa03b85799f9be63701e068b43f84ac25da0bda9cb31", size = 682931, upload-time = "2025-11-24T23:26:33.572Z" },
    { url = "https://files.pythonhosted.org/packages/a6/45/6009040da85a1648dd5bc75b3b0a062081c483e75a1a29041ae63a0bf0dc/asyncpg-0.31.0-cp314-cp314t-manylinux2014_aarch64.manylinux_2_17_aarch64.manylinux_2_28_aarch64.whl", hash = "sha256:18c83b03bc0d1b23e6230f5bf8d4f217dc9bc08644ce0502a9d91dc9e634a9c7", size = 3581608, upload-time = "2025-11-24T23:26:35.638Z" },
    { url = "https://files.pythonhosted.org/packages/7e/06/2e3d4d7608b0b2b3adbee0d0bd6a2d29ca0fc4d8a78f8277df04e2d1fd7b/asyncpg-0.31.0-cp314-cp314t-manylinux2014_x86_64.manylinux_2_17_x86_64.manylinux_2_28_x86_64.whl", hash = "sha256:e009abc333464ff18b8f6fd146addffd9aaf63e79aa3bb40ab7a4c332d0c5e9e", size = 3498738, upload-time = "2025-11-24T23:26:37.275Z" },
    { url = "https://files.pythonhosted.org/packages/7d/aa/7d75ede780033141c51d83577ea23236ba7d3a23593929b32b49db8ed36e/asyncpg-0.31.0-cp314-cp314t-musllinux_1_2_aarch64.whl", hash = "sha256:3b1fbcb0e396a5ca435a8826a87e5c2c2cc0c8c68eb6fadf82168056b0e53a8c", size = 3401026, upload-time = "2025-11-24T23:26:39.423Z" },
    { url = "https://files.pythonhosted.org/packages/ba/7a/15e37d45e7f7c94facc1e9148c0e455e8f33c08f0b8a0b1deb2c5171771b/asyncpg-0.31.0-cp314-cp314t-musllinux_1_2_x86_64.whl", hash = "sha256:8df714dba348efcc162d2adf02d213e5fab1bd9f557e1305633e851a61814a7a", size = 3429426, upload-time = "2025-11-24T23:26:41.032Z" },
    { url = "https://files.pythonhosted.org/packages/13/d5/71437c5f6ae5f307828710efbe62163974e71237d5d46ebd2869ea052d10/asyncpg-0.31.0-cp314-cp314t-win32.whl", hash = "sha256:1b41f1afb1033f2b44f3234993b15096ddc9cd71b21a42dbd87fc6a57b43d65d", size = 614495, upload-time = "2025-11-24T23:26:42.659Z" },
    { url = "https://files.pythonhosted.org/packages/3c/d7/8fb3044eaef08a310acfe23dae9a8e2e07d305edc29a53497e52bc76eca7/asyncpg-0.31.0-cp314-cp314t-win_amd64.whl", hash = "sha256:bd4107bb7cdd0e9e65fae66a62afd3a249663b844fa34d479f6d5b3bef9c04c3", size = 706062, upload-time = "2025-11-24T23:26:44.086Z" },
]

[[package]]
name = "click"
version = "8.4.1"
source = { registry = "https://pypi.org/simple" }
dependencies = [
    { name = "colorama", marker = "sys_platform == 'win32'" },
]
sdist = { url = "https://files.pythonhosted.org/packages/9b/98/518d8e5081007684232226f475082b30087d0f585e8457db087298259f49/click-8.4.1.tar.gz", hash = "sha256:918b5633eddf6b41c32d4f454bf0de810065c74e3f7dbf8ee5452f8be88d3e96", size = 353007, upload-time = "2026-05-22T04:08:37.769Z" }
wheels = [
    { url = "https://files.pythonhosted.org/packages/c7/0d/67e5b4109ea4a837e80daa87c2c696711955e40449a97e8926672534def2/click-8.4.1-py3-none-any.whl", hash = "sha256:482be17c6991b8c19c5429a1e995d9b0efdbb63172824c41f99965dc0ade8ec2", size = 116639, upload-time = "2026-05-22T04:08:35.26Z" },
]

[[package]]
name = "colorama"
version = "0.4.6"
source = { registry = "https://pypi.org/simple" }
sdist = { url = "https://files.pythonhosted.org/packages/d8/53/6f443c9a4a8358a93a6792e2acffb9d9d5cb0a5cfd8802644b7b1c9a02e4/colorama-0.4.6.tar.gz", hash = "sha256:08695f5cb7ed6e0531a20572697297273c47b8cae5a63ffc6d6ed5c201be6e44", size = 27697, upload-time = "2022-10-25T02:36:22.414Z" }
wheels = [
    { url = "https://files.pythonhosted.org/packages/d1/d6/3965ed04c63042e047cb6a3e6ed1a63a35087b6a609aa3a15ed8ac56c221/colorama-0.4.6-py2.py3-none-any.whl", hash = "sha256:4f1d9991f5acc0ca119f9d443620b77f9d6b33703e51011c16baf57afb285fc6", size = 25335, upload-time = "2022-10-25T02:36:20.889Z" },
]

[[package]]
name = "dotenv"
version = "0.9.9"
source = { registry = "https://pypi.org/simple" }
dependencies = [
    { name = "python-dotenv" },
]
wheels = [
    { url = "https://files.pythonhosted.org/packages/b2/b7/545d2c10c1fc15e48653c91efde329a790f2eecfbbf2bd16003b5db2bab0/dotenv-0.9.9-py2.py3-none-any.whl", hash = "sha256:29cf74a087b31dafdb5a446b6d7e11cbce8ed2741540e2339c69fbef92c94ce9", size = 1892, upload-time = "2025-02-19T22:15:01.647Z" },
]

[[package]]
name = "iniconfig"
version = "2.3.0"
source = { registry = "https://pypi.org/simple" }
sdist = { url = "https://files.pythonhosted.org/packages/72/34/14ca021ce8e5dfedc35312d08ba8bf51fdd999c576889fc2c24cb97f4f10/iniconfig-2.3.0.tar.gz", hash = "sha256:c76315c77db068650d49c5b56314774a7804df16fee4402c1f19d6d15d8c4730", size = 20503, upload-time = "2025-10-18T21:55:43.219Z" }
wheels = [
    { url = "https://files.pythonhosted.org/packages/cb/b1/3846dd7f199d53cb17f49cba7e651e9ce294d8497c8c150530ed11865bb8/iniconfig-2.3.0-py3-none-any.whl", hash = "sha256:f631c04d2c48c52b84d0d0549c99ff3859c98df65b3101406327ecc7d53fbf12", size = 7484, upload-time = "2025-10-18T21:55:41.639Z" },
]

[[package]]
name = "markdown-it-py"
version = "4.2.0"
source = { registry = "https://pypi.org/simple" }
dependencies = [
    { name = "mdurl" },
]
sdist = { url = "https://files.pythonhosted.org/packages/06/ff/7841249c247aa650a76b9ee4bbaeae59370dc8bfd2f6c01f3630c35eb134/markdown_it_py-4.2.0.tar.gz", hash = "sha256:04a21681d6fbb623de53f6f364d352309d4094dd4194040a10fd51833e418d49", size = 82454, upload-time = "2026-05-07T12:08:28.36Z" }
wheels = [
    { url = "https://files.pythonhosted.org/packages/b3/81/4da04ced5a082363ecfa159c010d200ecbd959ae410c10c0264a38cac0f5/markdown_it_py-4.2.0-py3-none-any.whl", hash = "sha256:9f7ebbcd14fe59494226453aed97c1070d83f8d24b6fc3a3bcf9a38092641c4a", size = 91687, upload-time = "2026-05-07T12:08:27.182Z" },
]

[[package]]
name = "mdurl"
version = "0.1.2"
source = { registry = "https://pypi.org/simple" }
sdist = { url = "https://files.pythonhosted.org/packages/d6/54/cfe61301667036ec958cb99bd3efefba235e65cdeb9c84d24a8293ba1d90/mdurl-0.1.2.tar.gz", hash = "sha256:bb413d29f5eea38f31dd4754dd7377d4465116fb207585f97bf925588687c1ba", size = 8729, upload-time = "2022-08-14T12:40:10.846Z" }
wheels = [
    { url = "https://files.pythonhosted.org/packages/b3/38/89ba8ad64ae25be8de66a6d463314cf1eb366222074cfda9ee839c56a4b4/mdurl-0.1.2-py3-none-any.whl", hash = "sha256:84008a41e51615a49fc9966191ff91509e3c40b939176e643fd50a5c2196b8f8", size = 9979, upload-time = "2022-08-14T12:40:09.779Z" },
]

[[package]]
name = "packaging"
version = "26.2"
source = { registry = "https://pypi.org/simple" }
sdist = { url = "https://files.pythonhosted.org/packages/d7/f1/e7a6dd94a8d4a5626c03e4e99c87f241ba9e350cd9e6d75123f992427270/packaging-26.2.tar.gz", hash = "sha256:ff452ff5a3e828ce110190feff1178bb1f2ea2281fa2075aadb987c2fb221661", size = 228134, upload-time = "2026-04-24T20:15:23.917Z" }
wheels = [
    { url = "https://files.pythonhosted.org/packages/df/b2/87e62e8c3e2f4b32e5fe99e0b86d576da1312593b39f47d8ceef365e95ed/packaging-26.2-py3-none-any.whl", hash = "sha256:5fc45236b9446107ff2415ce77c807cee2862cb6fac22b8a73826d0693b0980e", size = 100195, upload-time = "2026-04-24T20:15:22.081Z" },
]

[[package]]
name = "pluggy"
version = "1.6.0"
source = { registry = "https://pypi.org/simple" }
sdist = { url = "https://files.pythonhosted.org/packages/f9/e2/3e91f31a7d2b083fe6ef3fa267035b518369d9511ffab804f839851d2779/pluggy-1.6.0.tar.gz", hash = "sha256:7dcc130b76258d33b90f61b658791dede3486c3e6bfb003ee5c9bfb396dd22f3", size = 69412, upload-time = "2025-05-15T12:30:07.975Z" }
wheels = [
    { url = "https://files.pythonhosted.org/packages/54/20/4d324d65cc6d9205fabedc306948156824eb9f0ee1633355a8f7ec5c66bf/pluggy-1.6.0-py3-none-any.whl", hash = "sha256:e920276dd6813095e9377c0bc5566d94c932c33b27a3e3945d8389c374dd4746", size = 20538, upload-time = "2025-05-15T12:30:06.134Z" },
]

[[package]]
name = "pygments"
version = "2.20.0"
source = { registry = "https://pypi.org/simple" }
sdist = { url = "https://files.pythonhosted.org/packages/c3/b2/bc9c9196916376152d655522fdcebac55e66de6603a76a02bca1b6414f6c/pygments-2.20.0.tar.gz", hash = "sha256:6757cd03768053ff99f3039c1a36d6c0aa0b263438fcab17520b30a303a82b5f", size = 4955991, upload-time = "2026-03-29T13:29:33.898Z" }
wheels = [
    { url = "https://files.pythonhosted.org/packages/f4/7e/a72dd26f3b0f4f2bf1dd8923c85f7ceb43172af56d63c7383eb62b332364/pygments-2.20.0-py3-none-any.whl", hash = "sha256:81a9e26dd42fd28a23a2d169d86d7ac03b46e2f8b59ed4698fb4785f946d0176", size = 1231151, upload-time = "2026-03-29T13:29:30.038Z" },
]

[[package]]
name = "pytest"
version = "9.0.3"
source = { registry = "https://pypi.org/simple" }
dependencies = [
    { name = "colorama", marker = "sys_platform == 'win32'" },
    { name = "iniconfig" },
    { name = "packaging" },
    { name = "pluggy" },
    { name = "pygments" },
]
sdist = { url = "https://files.pythonhosted.org/packages/7d/0d/549bd94f1a0a402dc8cf64563a117c0f3765662e2e668477624baeec44d5/pytest-9.0.3.tar.gz", hash = "sha256:b86ada508af81d19edeb213c681b1d48246c1a91d304c6c81a427674c17eb91c", size = 1572165, upload-time = "2026-04-07T17:16:18.027Z" }
wheels = [
    { url = "https://files.pythonhosted.org/packages/d4/24/a372aaf5c9b7208e7112038812994107bc65a84cd00e0354a88c2c77a617/pytest-9.0.3-py3-none-any.whl", hash = "sha256:2c5efc453d45394fdd706ade797c0a81091eccd1d6e4bccfcd476e2b8e0ab5d9", size = 375249, upload-time = "2026-04-07T17:16:16.13Z" },
]

[[package]]
name = "pytest-asyncio"
version = "1.4.0"
source = { registry = "https://pypi.org/simple" }
dependencies = [
    { name = "pytest" },
]
sdist = { url = "https://files.pythonhosted.org/packages/43/7c/d36d04db312ecf4298932ef77e6e4a9e8ad017906e24e34f0b0c361a2473/pytest_asyncio-1.4.0.tar.gz", hash = "sha256:c6c0d2259945122819f171a32ecea2c349ead889ee28176caaf492143424be42", size = 58514, upload-time = "2026-05-26T09:56:04.083Z" }
wheels = [
    { url = "https://files.pythonhosted.org/packages/03/e2/08a497ef684b88559c9cc5f4ad53a37e7b99e727094a86d6ea32536d5d3c/pytest_asyncio-1.4.0-py3-none-any.whl", hash = "sha256:933ca923a23075a87fb7070c0ec272a6848489824d887c85c812670932835aa1", size = 16930, upload-time = "2026-05-26T09:56:02.576Z" },
]

[[package]]
name = "python-dotenv"
version = "1.2.2"
source = { registry = "https://pypi.org/simple" }
sdist = { url = "https://files.pythonhosted.org/packages/82/ed/0301aeeac3e5353ef3d94b6ec08bbcabd04a72018415dcb29e588514bba8/python_dotenv-1.2.2.tar.gz", hash = "sha256:2c371a91fbd7ba082c2c1dc1f8bf89ca22564a087c2c287cd9b662adde799cf3", size = 50135, upload-time = "2026-03-01T16:00:26.196Z" }
wheels = [
    { url = "https://files.pythonhosted.org/packages/0b/d7/1959b9648791274998a9c3526f6d0ec8fd2233e4d4acce81bbae76b44b2a/python_dotenv-1.2.2-py3-none-any.whl", hash = "sha256:1d8214789a24de455a8b8bd8ae6fe3c6b69a5e3d64aa8a8e5d68e694bbcb285a", size = 22101, upload-time = "2026-03-01T16:00:25.09Z" },
]

[[package]]
name = "python-task"
version = "0.1.0"
source = { virtual = "." }
dependencies = [
    { name = "asyncpg" },
    { name = "dotenv" },
    { name = "typer" },
    { name = "xmltodict" },
]

[package.dev-dependencies]
dev = [
    { name = "pytest" },
    { name = "pytest-asyncio" },
]

[package.metadata]
requires-dist = [
    { name = "asyncpg", specifier = ">=0.31.0" },
    { name = "dotenv", specifier = ">=0.9.9" },
    { name = "typer", specifier = ">=0.25.1" },
    { name = "xmltodict", specifier = ">=1.0.4" },
]

[package.metadata.requires-dev]
dev = [
    { name = "pytest", specifier = ">=9.0.3" },
    { name = "pytest-asyncio", specifier = ">=1.4.0" },
]

[[package]]
name = "rich"
version = "15.0.0"
source = { registry = "https://pypi.org/simple" }
dependencies = [
    { name = "markdown-it-py" },
    { name = "pygments" },
]
sdist = { url = "https://files.pythonhosted.org/packages/c0/8f/0722ca900cc807c13a6a0c696dacf35430f72e0ec571c4275d2371fca3e9/rich-15.0.0.tar.gz", hash = "sha256:edd07a4824c6b40189fb7ac9bc4c52536e9780fbbfbddf6f1e2502c31b068c36", size = 230680, upload-time = "2026-04-12T08:24:00.75Z" }
wheels = [
    { url = "https://files.pythonhosted.org/packages/82/3b/64d4899d73f91ba49a8c18a8ff3f0ea8f1c1d75481760df8c68ef5235bf5/rich-15.0.0-py3-none-any.whl", hash = "sha256:33bd4ef74232fb73fe9279a257718407f169c09b78a87ad3d296f548e27de0bb", size = 310654, upload-time = "2026-04-12T08:24:02.83Z" },
]

[[package]]
name = "shellingham"
version = "1.5.4"
source = { registry = "https://pypi.org/simple" }
sdist = { url = "https://files.pythonhosted.org/packages/58/15/8b3609fd3830ef7b27b655beb4b4e9c62313a4e8da8c676e142cc210d58e/shellingham-1.5.4.tar.gz", hash = "sha256:8dbca0739d487e5bd35ab3ca4b36e11c4078f3a234bfce294b0a0291363404de", size = 10310, upload-time = "2023-10-24T04:13:40.426Z" }
wheels = [
    { url = "https://files.pythonhosted.org/packages/e0/f9/0595336914c5619e5f28a1fb793285925a8cd4b432c9da0a987836c7f822/shellingham-1.5.4-py2.py3-none-any.whl", hash = "sha256:7ecfff8f2fd72616f7481040475a65b2bf8af90a56c89140852d1120324e8686", size = 9755, upload-time = "2023-10-24T04:13:38.866Z" },
]

[[package]]
name = "typer"
version = "0.25.1"
source = { registry = "https://pypi.org/simple" }
dependencies = [
    { name = "annotated-doc" },
    { name = "click" },
    { name = "rich" },
    { name = "shellingham" },
]
sdist = { url = "https://files.pythonhosted.org/packages/e4/51/9aed62104cea109b820bbd6c14245af756112017d309da813ef107d42e7e/typer-0.25.1.tar.gz", hash = "sha256:9616eb8853a09ffeabab1698952f33c6f29ffdbceb4eaeecf571880e8d7664cc", size = 122276, upload-time = "2026-04-30T19:32:16.964Z" }
wheels = [
    { url = "https://files.pythonhosted.org/packages/3f/f9/2b3ff4e56e5fa7debfaf9eb135d0da96f3e9a1d5b27222223c7296336e5f/typer-0.25.1-py3-none-any.whl", hash = "sha256:75caa44ed46a03fb2dab8808753ffacdbfea88495e74c85a28c5eefcf5f39c89", size = 58409, upload-time = "2026-04-30T19:32:18.271Z" },
]

[[package]]
name = "xmltodict"
version = "1.0.4"
source = { registry = "https://pypi.org/simple" }
sdist = { url = "https://files.pythonhosted.org/packages/19/70/80f3b7c10d2630aa66414bf23d210386700aa390547278c789afa994fd7e/xmltodict-1.0.4.tar.gz", hash = "sha256:6d94c9f834dd9e44514162799d344d815a3a4faec913717a9ecbfa5be1bb8e61", size = 26124, upload-time = "2026-02-22T02:21:22.074Z" }
wheels = [
    { url = "https://files.pythonhosted.org/packages/38/34/98a2f52245f4d47be93b580dae5f9861ef58977d73a79eb47c58f1ad1f3a/xmltodict-1.0.4-py3-none-any.whl", hash = "sha256:a4a00d300b0e1c59fc2bfccb53d7b2e88c32f200df138a0dd2229f842497026a", size = 13580, upload-time = "2026-02-22T02:21:21.039Z" },
]
